# This file is automatically @generated by Poetry 1.4.2 and should not be changed by hand.

[[package]]
name = "metar"
version = "1.9.0"
description = "Metar - a package to parse METAR-coded weather reports"
category = "main"
optional = false
python-versions = "*"
files = [
    {file = "metar-1.9.0-py3-none-any.whl", hash = "sha256:093e497487388eacf05841a80436e92824001c7e57d3c34787278cfd9ccded9a"},
    {file = "metar-1.9.0.tar.gz", hash = "sha256:ef58a29e1ef8fed034ed493dc874aa4fbd40313e578640287dbf5c55d89886c5"},
]

[package.extras]
test = ["pytest"]

[[package]]
name = "paho-mqtt"
version = "1.6.1"
description = "MQTT version 5.0/3.1.1 client class"
category = "main"
optional = false
python-versions = "*"
files = [
    {file = "paho-mqtt-1.6.1.tar.gz", hash = "sha256:2a8291c81623aec00372b5a85558a372c747cbca8e9934dfe218638b8eefc26f"},
]

[package.extras]
proxy = ["PySocks"]

[metadata]
lock-version = "2.0"
python-versions = "^3.10"
content-hash = "3954959f484aa941af5c1250cf46a352ec66e5ed132e7cf0a3844ce5c978477f"
